
Microsoft Visual Studio Solution File, Format Version 12.00
# Visual Studio 15
VisualStudioVersion = 15.0.27428.2002
MinimumVisualStudioVersion = 10.0.40219.1
Project("{FAE04EC0-301F-11D3-BF4B-00C04F79EFBC}") = "Dvd.UI", "WebApplication1\Dvd.UI.csproj", "{B7CB418A-F2E1-4527-B228-EA4C6BAE4F77}"
EndProject
Project("{FAE04EC0-301F-11D3-BF4B-00C04F79EFBC}") = "DvdModels", "ClassLibrary1\DvdModels.csproj", "{BB49D5E2-95DE-4C20-A29D-AD508A000F1F}"
EndProject
Project("{FAE04EC0-301F-11D3-BF4B-00C04F79EFBC}") = "DvdData", "DvdData\DvdData.csproj", "{6CC02771-933B-4030-9FBD-CD0BE92E6C31}"
EndProject
Project("{FAE04EC0-301F-11D3-BF4B-00C04F79EFBC}") = "DvdData.Tests", "DvdData.Tests\DvdData.Tests.csproj", "{5D5B18D8-11CE-42C3-AB06-81D3F64B682A}"
EndProject
Global
	GlobalSection(SolutionConfigurationPlatforms) = preSolution
		Debug|Any CPU = Debug|Any CPU
		Release|Any CPU = Release|Any CPU
	EndGlobalSection
	GlobalSection(ProjectConfigurationPlatforms) = postSolution
		{B7CB418A-F2E1-4527-B228-EA4C6BAE4F77}.Debug|Any CPU.ActiveCfg = Debug|Any CPU
		{B7CB418A-F2E1-4527-B228-EA4C6BAE4F77}.Debug|Any CPU.Build.0 = Debug|Any CPU
		{B7CB418A-F2E1-4527-B228-EA4C6BAE4F77}.Release|Any CPU.ActiveCfg = Release|Any CPU
		{B7CB418A-F2E1-4527-B228-EA4C6BAE4F77}.Release|Any CPU.Build.0 = Release|Any CPU
		{BB49D5E2-95DE-4C20-A29D-AD508A000F1F}.Debug|Any CPU.ActiveCfg = Debug|Any CPU
		{BB49D5E2-95DE-4C20-A29D-AD508A000F1F}.Debug|Any CPU.Build.0 = Debug|Any CPU
		{BB49D5E2-95DE-4C20-A29D-AD508A000F1F}.Release|Any CPU.ActiveCfg = Release|Any CPU
		{BB49D5E2-95DE-4C20-A29D-AD508A000F1F}.Release|Any CPU.Build.0 = Release|Any CPU
		{6CC02771-933B-4030-9FBD-CD0BE92E6C31}.Debug|Any CPU.ActiveCfg = Debug|Any CPU
		{6CC02771-933B-4030-9FBD-CD0BE92E6C31}.Debug|Any CPU.Build.0 = Debug|Any CPU
		{6CC02771-933B-4030-9FBD-CD0BE92E6C31}.Release|Any CPU.ActiveCfg = Release|Any CPU
		{6CC02771-933B-4030-9FBD-CD0BE92E6C31}.Release|Any CPU.Build.0 = Release|Any CPU
		{5D5B18D8-11CE-42C3-AB06-81D3F64B682A}.Debug|Any CPU.ActiveCfg = Debug|Any CPU
		{5D5B18D8-11CE-42C3-AB06-81D3F64B682A}.Debug|Any CPU.Build.0 = Debug|Any CPU
		{5D5B18D8-11CE-42C3-AB06-81D3F64B682A}.Release|Any CPU.ActiveCfg = Release|Any CPU
		{5D5B18D8-11CE-42C3-AB06-81D3F64B682A}.Release|Any CPU.Build.0 = Release|Any CPU
	EndGlobalSection
	GlobalSection(SolutionProperties) = preSolution
		HideSolutionNode = FALSE
	EndGlobalSection
	GlobalSection(ExtensibilityGlobals) = postSolution
		SolutionGuid = {A69A79CB-CD22-4CA1-A349-AB5F95E4C759}
	EndGlobalSection
EndGlobal
